
Microsoft Visual Studio Solution File, Format Version 12.00
# Visual Studio Version 16
VisualStudioVersion = 16.0.28803.202
MinimumVisualStudioVersion = 10.0.40219.1
Project("{9A19103F-16F7-4668-BE54-9A1E7A4F7556}") = "RedCounterSoftware.Common", "RedCounterSoftware.Common\RedCounterSoftware.Common.csproj", "{A4FCAF5C-76D6-4E0B-A78F-3916314A2E52}"
EndProject
Project("{9A19103F-16F7-4668-BE54-9A1E7A4F7556}") = "RedCounterSoftware.Validation.FluentValidation", "RedCounterSoftware.Validation\RedCounterSoftware.Validation.FluentValidation.csproj", "{636F4C61-076F-4D19-B5BE-5EFE5FD18DB1}"
EndProject
Project("{9A19103F-16F7-4668-BE54-9A1E7A4F7556}") = "RedCounterSoftware.Logging.Web", "RedCounterSoftware.Logging.Web\RedCounterSoftware.Logging.Web.csproj", "{78786B05-976C-4718-A727-9AC4367EFAF4}"
EndProject
Project("{9A19103F-16F7-4668-BE54-9A1E7A4F7556}") = "RedCounterSoftware.Security.Jwt", "RedCounterSoftware.Security.Jwt\RedCounterSoftware.Security.Jwt.csproj", "{6E65800F-9B35-4282-8DB5-2DDC0DCE3B9B}"
EndProject
Project("{9A19103F-16F7-4668-BE54-9A1E7A4F7556}") = "RedCounterSoftware.DataAccess.EntityFrameworkCore.SqlServer", "RedCounterSoftware.DataAccess.EntityFrameworkCore.SqlServer\RedCounterSoftware.DataAccess.EntityFrameworkCore.SqlServer.csproj", "{FB0250BA-CACA-4DCA-877B-1755BE8AEC91}"
EndProject
Project("{9A19103F-16F7-4668-BE54-9A1E7A4F7556}") = "RedCounterSoftware.WebApi", "RedCounterSoftware.WebApi\RedCounterSoftware.WebApi.csproj", "{1CB82F70-84E3-4064-AC30-3EEB93FD97F9}"
EndProject
Project("{9A19103F-16F7-4668-BE54-9A1E7A4F7556}") = "RedCounterSoftware.Mailing.SendGrid", "RedCounterSoftware.Mailing.SendGrid\RedCounterSoftware.Mailing.SendGrid.csproj", "{BC4D4171-D17D-4222-A25B-59ECF596ABB4}"
EndProject
Project("{2150E333-8FDC-42A3-9474-1A3956D46DE8}") = "build", "build", "{5A264499-25D4-4744-A47A-13C65C8AE0B0}"
	ProjectSection(SolutionItems) = preProject
		ca.ruleset = ca.ruleset
	EndProjectSection
EndProject
Global
	GlobalSection(SolutionConfigurationPlatforms) = preSolution
		Debug|Any CPU = Debug|Any CPU
		Release|Any CPU = Release|Any CPU
	EndGlobalSection
	GlobalSection(ProjectConfigurationPlatforms) = postSolution
		{A4FCAF5C-76D6-4E0B-A78F-3916314A2E52}.Debug|Any CPU.ActiveCfg = Debug|Any CPU
		{A4FCAF5C-76D6-4E0B-A78F-3916314A2E52}.Debug|Any CPU.Build.0 = Debug|Any CPU
		{A4FCAF5C-76D6-4E0B-A78F-3916314A2E52}.Release|Any CPU.ActiveCfg = Release|Any CPU
		{A4FCAF5C-76D6-4E0B-A78F-3916314A2E52}.Release|Any CPU.Build.0 = Release|Any CPU
		{636F4C61-076F-4D19-B5BE-5EFE5FD18DB1}.Debug|Any CPU.ActiveCfg = Debug|Any CPU
		{636F4C61-076F-4D19-B5BE-5EFE5FD18DB1}.Debug|Any CPU.Build.0 = Debug|Any CPU
		{636F4C61-076F-4D19-B5BE-5EFE5FD18DB1}.Release|Any CPU.ActiveCfg = Release|Any CPU
		{636F4C61-076F-4D19-B5BE-5EFE5FD18DB1}.Release|Any CPU.Build.0 = Release|Any CPU
		{78786B05-976C-4718-A727-9AC4367EFAF4}.Debug|Any CPU.ActiveCfg = Debug|Any CPU
		{78786B05-976C-4718-A727-9AC4367EFAF4}.Debug|Any CPU.Build.0 = Debug|Any CPU
		{78786B05-976C-4718-A727-9AC4367EFAF4}.Release|Any CPU.ActiveCfg = Release|Any CPU
		{78786B05-976C-4718-A727-9AC4367EFAF4}.Release|Any CPU.Build.0 = Release|Any CPU
		{6E65800F-9B35-4282-8DB5-2DDC0DCE3B9B}.Debug|Any CPU.ActiveCfg = Debug|Any CPU
		{6E65800F-9B35-4282-8DB5-2DDC0DCE3B9B}.Debug|Any CPU.Build.0 = Debug|Any CPU
		{6E65800F-9B35-4282-8DB5-2DDC0DCE3B9B}.Release|Any CPU.ActiveCfg = Release|Any CPU
		{6E65800F-9B35-4282-8DB5-2DDC0DCE3B9B}.Release|Any CPU.Build.0 = Release|Any CPU
		{FB0250BA-CACA-4DCA-877B-1755BE8AEC91}.Debug|Any CPU.ActiveCfg = Debug|Any CPU
		{FB0250BA-CACA-4DCA-877B-1755BE8AEC91}.Debug|Any CPU.Build.0 = Debug|Any CPU
		{FB0250BA-CACA-4DCA-877B-1755BE8AEC91}.Release|Any CPU.ActiveCfg = Release|Any CPU
		{FB0250BA-CACA-4DCA-877B-1755BE8AEC91}.Release|Any CPU.Build.0 = Release|Any CPU
		{1CB82F70-84E3-4064-AC30-3EEB93FD97F9}.Debug|Any CPU.ActiveCfg = Debug|Any CPU
		{1CB82F70-84E3-4064-AC30-3EEB93FD97F9}.Debug|Any CPU.Build.0 = Debug|Any CPU
		{1CB82F70-84E3-4064-AC30-3EEB93FD97F9}.Release|Any CPU.ActiveCfg = Release|Any CPU
		{1CB82F70-84E3-4064-AC30-3EEB93FD97F9}.Release|Any CPU.Build.0 = Release|Any CPU
		{BC4D4171-D17D-4222-A25B-59ECF596ABB4}.Debug|Any CPU.ActiveCfg = Debug|Any CPU
		{BC4D4171-D17D-4222-A25B-59ECF596ABB4}.Debug|Any CPU.Build.0 = Debug|Any CPU
		{BC4D4171-D17D-4222-A25B-59ECF596ABB4}.Release|Any CPU.ActiveCfg = Release|Any CPU
		{BC4D4171-D17D-4222-A25B-59ECF596ABB4}.Release|Any CPU.Build.0 = Release|Any CPU
	EndGlobalSection
	GlobalSection(SolutionProperties) = preSolution
		HideSolutionNode = FALSE
	EndGlobalSection
	GlobalSection(ExtensibilityGlobals) = postSolution
		SolutionGuid = {92900103-C94F-4E40-B85F-059C4A41B6FD}
	EndGlobalSection
EndGlobal
